
Microsoft Visual Studio Solution File, Format Version 12.00
# Visual Studio Version 17
VisualStudioVersion = 17.9.34607.119
MinimumVisualStudioVersion = 10.0.40219.1
Project("{FAE04EC0-301F-11D3-BF4B-00C04F79EFBC}") = "Registro", "Registro\Registro.csproj", "{B6FDF4E2-85FF-4C60-91CF-278185AEBD62}"
EndProject
Global
	GlobalSection(SolutionConfigurationPlatforms) = preSolution
		Debug|Any CPU = Debug|Any CPU
		Release|Any CPU = Release|Any CPU
	EndGlobalSection
	GlobalSection(ProjectConfigurationPlatforms) = postSolution
		{B6FDF4E2-85FF-4C60-91CF-278185AEBD62}.Debug|Any CPU.ActiveCfg = Debug|Any CPU
		{B6FDF4E2-85FF-4C60-91CF-278185AEBD62}.Debug|Any CPU.Build.0 = Debug|Any CPU
		{B6FDF4E2-85FF-4C60-91CF-278185AEBD62}.Release|Any CPU.ActiveCfg = Release|Any CPU
		{B6FDF4E2-85FF-4C60-91CF-278185AEBD62}.Release|Any CPU.Build.0 = Release|Any CPU
	EndGlobalSection
	GlobalSection(SolutionProperties) = preSolution
		HideSolutionNode = FALSE
	EndGlobalSection
	GlobalSection(ExtensibilityGlobals) = postSolution
		SolutionGuid = {DB690180-DE47-4ACB-A472-70E170120637}
	EndGlobalSection
EndGlobal
